// !$*UTF8*$!
{
	archiveVersion = 1;
	classes = {
	};
	objectVersion = 56;
	objects = {

/* Begin PBXBuildFile section */
		E6B2B8522D48E2E8001D084E /* AppDelegate.swift in Sources */ = {isa = PBXBuildFile; fileRef = E6B2B8512D48E2E8001D084E /* AppDelegate.swift */; };
		E6B2B8542D48E2E8001D084E /* SceneDelegate.swift in Sources */ = {isa = PBXBuildFile; fileRef = E6B2B8532D48E2E8001D084E /* SceneDelegate.swift */; };
		E6B2B85B2D48E2E9001D084E /* Assets.xcassets in Resources */ = {isa = PBXBuildFile; fileRef = E6B2B85A2D48E2E9001D084E /* Assets.xcassets */; };
		E6B2B85E2D48E2E9001D084E /* Base in Resources */ = {isa = PBXBuildFile; fileRef = E6B2B85D2D48E2E9001D084E /* Base */; };
		E6B2B86B2D48E3FF001D084E /* AppRouter.swift in Sources */ = {isa = PBXBuildFile; fileRef = E6B2B86A2D48E3FF001D084E /* AppRouter.swift */; };
		E6B2B86D2D48E409001D084E /* MainViewController.swift in Sources */ = {isa = PBXBuildFile; fileRef = E6B2B86C2D48E409001D084E /* MainViewController.swift */; };
		E6B2B86F2D48E412001D084E /* MainViewModel.swift in Sources */ = {isa = PBXBuildFile; fileRef = E6B2B86E2D48E412001D084E /* MainViewModel.swift */; };
		E6B2B87D2D4929F3001D084E /* OrderViewController.swift in Sources */ = {isa = PBXBuildFile; fileRef = E6B2B87C2D4929F3001D084E /* OrderViewController.swift */; };
		E6B2B87F2D4929FF001D084E /* OrderViewModel.swift in Sources */ = {isa = PBXBuildFile; fileRef = E6B2B87E2D4929FF001D084E /* OrderViewModel.swift */; };
		E6B2B8812D492A0D001D084E /* UserViewController.swift in Sources */ = {isa = PBXBuildFile; fileRef = E6B2B8802D492A0D001D084E /* UserViewController.swift */; };
		E6B2B8832D492A18001D084E /* UserViewModel.swift in Sources */ = {isa = PBXBuildFile; fileRef = E6B2B8822D492A18001D084E /* UserViewModel.swift */; };
		E6B2B8852D492A2B001D084E /* ShoppingCartViewController.swift in Sources */ = {isa = PBXBuildFile; fileRef = E6B2B8842D492A2B001D084E /* ShoppingCartViewController.swift */; };
		E6B2B8872D492A36001D084E /* ShoppingCartViewModel.swift in Sources */ = {isa = PBXBuildFile; fileRef = E6B2B8862D492A36001D084E /* ShoppingCartViewModel.swift */; };
		E6B2B88A2D492B8B001D084E /* MainTabBarController.swift in Sources */ = {isa = PBXBuildFile; fileRef = E6B2B8892D492B8B001D084E /* MainTabBarController.swift */; };
		E6B2B89A2D494131001D084E /* SignInViewController.swift in Sources */ = {isa = PBXBuildFile; fileRef = E6B2B8992D494131001D084E /* SignInViewController.swift */; };
		E6B2B89C2D49413A001D084E /* SignInViewModel.swift in Sources */ = {isa = PBXBuildFile; fileRef = E6B2B89B2D49413A001D084E /* SignInViewModel.swift */; };
		E6B2B8A72D494E89001D084E /* SnapKit in Frameworks */ = {isa = PBXBuildFile; productRef = E6B2B8A62D494E89001D084E /* SnapKit */; };
		E6B2B8AC2D496FF1001D084E /* Alamofire in Frameworks */ = {isa = PBXBuildFile; productRef = E6B2B8AB2D496FF1001D084E /* Alamofire */; };
		E6B2B8B12D49701B001D084E /* Kingfisher in Frameworks */ = {isa = PBXBuildFile; productRef = E6B2B8B02D49701B001D084E /* Kingfisher */; };
		E6B2B8B32D4971CB001D084E /* PizzasResponse.swift in Sources */ = {isa = PBXBuildFile; fileRef = E6B2B8B22D4971CB001D084E /* PizzasResponse.swift */; };
		E6B2B8B52D49739D001D084E /* HTTPClient.swift in Sources */ = {isa = PBXBuildFile; fileRef = E6B2B8B42D49739D001D084E /* HTTPClient.swift */; };
		E6B2B8B72D4973C0001D084E /* APIEndpoint.swift in Sources */ = {isa = PBXBuildFile; fileRef = E6B2B8B62D4973C0001D084E /* APIEndpoint.swift */; };
		E6B2B8B92D4973D2001D084E /* BaseURL.swift in Sources */ = {isa = PBXBuildFile; fileRef = E6B2B8B82D4973D2001D084E /* BaseURL.swift */; };
		E6B2B8BB2D49747C001D084E /* AlamofireHTTPClient.swift in Sources */ = {isa = PBXBuildFile; fileRef = E6B2B8BA2D49747C001D084E /* AlamofireHTTPClient.swift */; };
		E6B2B8BE2D4976F8001D084E /* GetPizzasCatalogEndpoint.swift in Sources */ = {isa = PBXBuildFile; fileRef = E6B2B8BD2D4976F8001D084E /* GetPizzasCatalogEndpoint.swift */; };
		E6B2B8C02D497965001D084E /* GetPizzasCatalogRepositoryImpl.swift in Sources */ = {isa = PBXBuildFile; fileRef = E6B2B8BF2D497965001D084E /* GetPizzasCatalogRepositoryImpl.swift */; };
		E6B2B8C22D497A2C001D084E /* GetPizzasCatalogRepository.swift in Sources */ = {isa = PBXBuildFile; fileRef = E6B2B8C12D497A2C001D084E /* GetPizzasCatalogRepository.swift */; };
		E6B2B8C42D497BF4001D084E /* EmptyRequestModel.swift in Sources */ = {isa = PBXBuildFile; fileRef = E6B2B8C32D497BF4001D084E /* EmptyRequestModel.swift */; };
		E6B2B8C62D497D0C001D084E /* GetPizzasCatalogUseCase.swift in Sources */ = {isa = PBXBuildFile; fileRef = E6B2B8C52D497D0C001D084E /* GetPizzasCatalogUseCase.swift */; };
		E6B2B8C82D497EEE001D084E /* PizzasEntity.swift in Sources */ = {isa = PBXBuildFile; fileRef = E6B2B8C72D497EEE001D084E /* PizzasEntity.swift */; };
		E6B2B8CB2D4A25BE001D084E /* PizzaDetailsViewController.swift in Sources */ = {isa = PBXBuildFile; fileRef = E6B2B8CA2D4A25BE001D084E /* PizzaDetailsViewController.swift */; };
		E6B2B8CD2D4A25C5001D084E /* PizzaDetailsViewModel.swift in Sources */ = {isa = PBXBuildFile; fileRef = E6B2B8CC2D4A25C5001D084E /* PizzaDetailsViewModel.swift */; };
		E6B2B8CF2D4A5E0B001D084E /* SplitButton.swift in Sources */ = {isa = PBXBuildFile; fileRef = E6B2B8CE2D4A5E0B001D084E /* SplitButton.swift */; };
		E6B2B8D12D4A5E8F001D084E /* CustomButton.swift in Sources */ = {isa = PBXBuildFile; fileRef = E6B2B8D02D4A5E8F001D084E /* CustomButton.swift */; };
		E6B2B8D32D4A6FFE001D084E /* SupplementCell.swift in Sources */ = {isa = PBXBuildFile; fileRef = E6B2B8D22D4A6FFE001D084E /* SupplementCell.swift */; };
		E6B2B8D52D4AB178001D084E /* LargeCustomButton.swift in Sources */ = {isa = PBXBuildFile; fileRef = E6B2B8D42D4AB178001D084E /* LargeCustomButton.swift */; };
		E6B2B8D72D4AB5E3001D084E /* SplitButtonDuo.swift in Sources */ = {isa = PBXBuildFile; fileRef = E6B2B8D62D4AB5E3001D084E /* SplitButtonDuo.swift */; };
		E6B2B8D92D4AB99D001D084E /* OrderedPizzaEntity.swift in Sources */ = {isa = PBXBuildFile; fileRef = E6B2B8D82D4AB99D001D084E /* OrderedPizzaEntity.swift */; };
		E6B2B8E22D4BD0D3001D084E /* PersonalDataViewController.swift in Sources */ = {isa = PBXBuildFile; fileRef = E6B2B8E12D4BD0D3001D084E /* PersonalDataViewController.swift */; };
		E6B2B8E42D4BD0DB001D084E /* PersonalDataViewModel.swift in Sources */ = {isa = PBXBuildFile; fileRef = E6B2B8E32D4BD0DB001D084E /* PersonalDataViewModel.swift */; };
		E6B2B8E72D4BE8B2001D084E /* PaymentCardViewController.swift in Sources */ = {isa = PBXBuildFile; fileRef = E6B2B8E62D4BE8B2001D084E /* PaymentCardViewController.swift */; };
		E6B2B8E92D4BE8BC001D084E /* PaymentCardViewModel.swift in Sources */ = {isa = PBXBuildFile; fileRef = E6B2B8E82D4BE8BC001D084E /* PaymentCardViewModel.swift */; };
		E6B2B8EE2D4CA705001D084E /* PersonEntity.swift in Sources */ = {isa = PBXBuildFile; fileRef = E6B2B8ED2D4CA705001D084E /* PersonEntity.swift */; };
		E6B2B8F02D4CD8FC001D084E /* FormTextField.swift in Sources */ = {isa = PBXBuildFile; fileRef = E6B2B8EF2D4CD8FC001D084E /* FormTextField.swift */; };
		E6B2B8F22D4D2061001D084E /* ReceiverAddressEntity.swift in Sources */ = {isa = PBXBuildFile; fileRef = E6B2B8F12D4D2061001D084E /* ReceiverAddressEntity.swift */; };
		E6B2B8F42D4D3AFC001D084E /* CreatePizzaPaymentDto.swift in Sources */ = {isa = PBXBuildFile; fileRef = E6B2B8F32D4D3AFC001D084E /* CreatePizzaPaymentDto.swift */; };
		E6B2B8F62D4D4550001D084E /* PayForOrderUseCase.swift in Sources */ = {isa = PBXBuildFile; fileRef = E6B2B8F52D4D4550001D084E /* PayForOrderUseCase.swift */; };
		E6B2B8F82D4D46C4001D084E /* OrderRepository.swift in Sources */ = {isa = PBXBuildFile; fileRef = E6B2B8F72D4D46C4001D084E /* OrderRepository.swift */; };
		E6B2B8FA2D4D489E001D084E /* PayOrderEndPoint.swift in Sources */ = {isa = PBXBuildFile; fileRef = E6B2B8F92D4D489E001D084E /* PayOrderEndPoint.swift */; };
		E6B2B8FC2D4D49BD001D084E /* OrderRepositoryImpl.swift in Sources */ = {isa = PBXBuildFile; fileRef = E6B2B8FB2D4D49BD001D084E /* OrderRepositoryImpl.swift */; };
		E6B2B8FE2D4D4AC3001D084E /* PizzaPaymentResponse.swift in Sources */ = {isa = PBXBuildFile; fileRef = E6B2B8FD2D4D4AC3001D084E /* PizzaPaymentResponse.swift */; };
/* End PBXBuildFile section */

/* Begin PBXFileReference section */
		E6B2B84E2D48E2E8001D084E /* Shift_Pizza.app */ = {isa = PBXFileReference; explicitFileType = wrapper.application; includeInIndex = 0; path = Shift_Pizza.app; sourceTree = BUILT_PRODUCTS_DIR; };
		E6B2B8512D48E2E8001D084E /* AppDelegate.swift */ = {isa = PBXFileReference; lastKnownFileType = sourcecode.swift; path = AppDelegate.swift; sourceTree = "<group>"; };
		E6B2B8532D48E2E8001D084E /* SceneDelegate.swift */ = {isa = PBXFileReference; lastKnownFileType = sourcecode.swift; path = SceneDelegate.swift; sourceTree = "<group>"; };
		E6B2B85A2D48E2E9001D084E /* Assets.xcassets */ = {isa = PBXFileReference; lastKnownFileType = folder.assetcatalog; path = Assets.xcassets; sourceTree = "<group>"; };
		E6B2B85D2D48E2E9001D084E /* Base */ = {isa = PBXFileReference; lastKnownFileType = file.storyboard; name = Base; path = Base.lproj/LaunchScreen.storyboard; sourceTree = "<group>"; };
		E6B2B85F2D48E2E9001D084E /* Info.plist */ = {isa = PBXFileReference; lastKnownFileType = text.plist.xml; path = Info.plist; sourceTree = "<group>"; };
		E6B2B86A2D48E3FF001D084E /* AppRouter.swift */ = {isa = PBXFileReference; lastKnownFileType = sourcecode.swift; path = AppRouter.swift; sourceTree = "<group>"; };
		E6B2B86C2D48E409001D084E /* MainViewController.swift */ = {isa = PBXFileReference; lastKnownFileType = sourcecode.swift; path = MainViewController.swift; sourceTree = "<group>"; };
		E6B2B86E2D48E412001D084E /* MainViewModel.swift */ = {isa = PBXFileReference; lastKnownFileType = sourcecode.swift; path = MainViewModel.swift; sourceTree = "<group>"; };
		E6B2B87C2D4929F3001D084E /* OrderViewController.swift */ = {isa = PBXFileReference; lastKnownFileType = sourcecode.swift; path = OrderViewController.swift; sourceTree = "<group>"; };
		E6B2B87E2D4929FF001D084E /* OrderViewModel.swift */ = {isa = PBXFileReference; lastKnownFileType = sourcecode.swift; path = OrderViewModel.swift; sourceTree = "<group>"; };
		E6B2B8802D492A0D001D084E /* UserViewController.swift */ = {isa = PBXFileReference; lastKnownFileType = sourcecode.swift; path = UserViewController.swift; sourceTree = "<group>"; };
		E6B2B8822D492A18001D084E /* UserViewModel.swift */ = {isa = PBXFileReference; lastKnownFileType = sourcecode.swift; path = UserViewModel.swift; sourceTree = "<group>"; };
		E6B2B8842D492A2B001D084E /* ShoppingCartViewController.swift */ = {isa = PBXFileReference; lastKnownFileType = sourcecode.swift; path = ShoppingCartViewController.swift; sourceTree = "<group>"; };
		E6B2B8862D492A36001D084E /* ShoppingCartViewModel.swift */ = {isa = PBXFileReference; lastKnownFileType = sourcecode.swift; path = ShoppingCartViewModel.swift; sourceTree = "<group>"; };
		E6B2B8892D492B8B001D084E /* MainTabBarController.swift */ = {isa = PBXFileReference; lastKnownFileType = sourcecode.swift; path = MainTabBarController.swift; sourceTree = "<group>"; };
		E6B2B8992D494131001D084E /* SignInViewController.swift */ = {isa = PBXFileReference; lastKnownFileType = sourcecode.swift; path = SignInViewController.swift; sourceTree = "<group>"; };
		E6B2B89B2D49413A001D084E /* SignInViewModel.swift */ = {isa = PBXFileReference; lastKnownFileType = sourcecode.swift; path = SignInViewModel.swift; sourceTree = "<group>"; };
		E6B2B8B22D4971CB001D084E /* PizzasResponse.swift */ = {isa = PBXFileReference; lastKnownFileType = sourcecode.swift; path = PizzasResponse.swift; sourceTree = "<group>"; };
		E6B2B8B42D49739D001D084E /* HTTPClient.swift */ = {isa = PBXFileReference; lastKnownFileType = sourcecode.swift; path = HTTPClient.swift; sourceTree = "<group>"; };
		E6B2B8B62D4973C0001D084E /* APIEndpoint.swift */ = {isa = PBXFileReference; lastKnownFileType = sourcecode.swift; path = APIEndpoint.swift; sourceTree = "<group>"; };
		E6B2B8B82D4973D2001D084E /* BaseURL.swift */ = {isa = PBXFileReference; lastKnownFileType = sourcecode.swift; path = BaseURL.swift; sourceTree = "<group>"; };
		E6B2B8BA2D49747C001D084E /* AlamofireHTTPClient.swift */ = {isa = PBXFileReference; lastKnownFileType = sourcecode.swift; path = AlamofireHTTPClient.swift; sourceTree = "<group>"; };
		E6B2B8BD2D4976F8001D084E /* GetPizzasCatalogEndpoint.swift */ = {isa = PBXFileReference; lastKnownFileType = sourcecode.swift; path = GetPizzasCatalogEndpoint.swift; sourceTree = "<group>"; };
		E6B2B8BF2D497965001D084E /* GetPizzasCatalogRepositoryImpl.swift */ = {isa = PBXFileReference; lastKnownFileType = sourcecode.swift; path = GetPizzasCatalogRepositoryImpl.swift; sourceTree = "<group>"; };
		E6B2B8C12D497A2C001D084E /* GetPizzasCatalogRepository.swift */ = {isa = PBXFileReference; lastKnownFileType = sourcecode.swift; path = GetPizzasCatalogRepository.swift; sourceTree = "<group>"; };
		E6B2B8C32D497BF4001D084E /* EmptyRequestModel.swift */ = {isa = PBXFileReference; lastKnownFileType = sourcecode.swift; path = EmptyRequestModel.swift; sourceTree = "<group>"; };
		E6B2B8C52D497D0C001D084E /* GetPizzasCatalogUseCase.swift */ = {isa = PBXFileReference; lastKnownFileType = sourcecode.swift; path = GetPizzasCatalogUseCase.swift; sourceTree = "<group>"; };
		E6B2B8C72D497EEE001D084E /* PizzasEntity.swift */ = {isa = PBXFileReference; lastKnownFileType = sourcecode.swift; path = PizzasEntity.swift; sourceTree = "<group>"; };
		E6B2B8CA2D4A25BE001D084E /* PizzaDetailsViewController.swift */ = {isa = PBXFileReference; lastKnownFileType = sourcecode.swift; path = PizzaDetailsViewController.swift; sourceTree = "<group>"; };
		E6B2B8CC2D4A25C5001D084E /* PizzaDetailsViewModel.swift */ = {isa = PBXFileReference; lastKnownFileType = sourcecode.swift; path = PizzaDetailsViewModel.swift; sourceTree = "<group>"; };
		E6B2B8CE2D4A5E0B001D084E /* SplitButton.swift */ = {isa = PBXFileReference; lastKnownFileType = sourcecode.swift; path = SplitButton.swift; sourceTree = "<group>"; };
		E6B2B8D02D4A5E8F001D084E /* CustomButton.swift */ = {isa = PBXFileReference; lastKnownFileType = sourcecode.swift; path = CustomButton.swift; sourceTree = "<group>"; };
		E6B2B8D22D4A6FFE001D084E /* SupplementCell.swift */ = {isa = PBXFileReference; lastKnownFileType = sourcecode.swift; path = SupplementCell.swift; sourceTree = "<group>"; };
		E6B2B8D42D4AB178001D084E /* LargeCustomButton.swift */ = {isa = PBXFileReference; lastKnownFileType = sourcecode.swift; path = LargeCustomButton.swift; sourceTree = "<group>"; };
		E6B2B8D62D4AB5E3001D084E /* SplitButtonDuo.swift */ = {isa = PBXFileReference; lastKnownFileType = sourcecode.swift; path = SplitButtonDuo.swift; sourceTree = "<group>"; };
		E6B2B8D82D4AB99D001D084E /* OrderedPizzaEntity.swift */ = {isa = PBXFileReference; lastKnownFileType = sourcecode.swift; path = OrderedPizzaEntity.swift; sourceTree = "<group>"; };
		E6B2B8E12D4BD0D3001D084E /* PersonalDataViewController.swift */ = {isa = PBXFileReference; lastKnownFileType = sourcecode.swift; path = PersonalDataViewController.swift; sourceTree = "<group>"; };
		E6B2B8E32D4BD0DB001D084E /* PersonalDataViewModel.swift */ = {isa = PBXFileReference; lastKnownFileType = sourcecode.swift; path = PersonalDataViewModel.swift; sourceTree = "<group>"; };
		E6B2B8E62D4BE8B2001D084E /* PaymentCardViewController.swift */ = {isa = PBXFileReference; lastKnownFileType = sourcecode.swift; path = PaymentCardViewController.swift; sourceTree = "<group>"; };
		E6B2B8E82D4BE8BC001D084E /* PaymentCardViewModel.swift */ = {isa = PBXFileReference; lastKnownFileType = sourcecode.swift; path = PaymentCardViewModel.swift; sourceTree = "<group>"; };
		E6B2B8ED2D4CA705001D084E /* PersonEntity.swift */ = {isa = PBXFileReference; lastKnownFileType = sourcecode.swift; path = PersonEntity.swift; sourceTree = "<group>"; };
		E6B2B8EF2D4CD8FC001D084E /* FormTextField.swift */ = {isa = PBXFileReference; lastKnownFileType = sourcecode.swift; path = FormTextField.swift; sourceTree = "<group>"; };
		E6B2B8F12D4D2061001D084E /* ReceiverAddressEntity.swift */ = {isa = PBXFileReference; lastKnownFileType = sourcecode.swift; path = ReceiverAddressEntity.swift; sourceTree = "<group>"; };
		E6B2B8F32D4D3AFC001D084E /* CreatePizzaPaymentDto.swift */ = {isa = PBXFileReference; lastKnownFileType = sourcecode.swift; path = CreatePizzaPaymentDto.swift; sourceTree = "<group>"; };
		E6B2B8F52D4D4550001D084E /* PayForOrderUseCase.swift */ = {isa = PBXFileReference; lastKnownFileType = sourcecode.swift; path = PayForOrderUseCase.swift; sourceTree = "<group>"; };
		E6B2B8F72D4D46C4001D084E /* OrderRepository.swift */ = {isa = PBXFileReference; lastKnownFileType = sourcecode.swift; path = OrderRepository.swift; sourceTree = "<group>"; };
		E6B2B8F92D4D489E001D084E /* PayOrderEndPoint.swift */ = {isa = PBXFileReference; lastKnownFileType = sourcecode.swift; path = PayOrderEndPoint.swift; sourceTree = "<group>"; };
		E6B2B8FB2D4D49BD001D084E /* OrderRepositoryImpl.swift */ = {isa = PBXFileReference; lastKnownFileType = sourcecode.swift; path = OrderRepositoryImpl.swift; sourceTree = "<group>"; };
		E6B2B8FD2D4D4AC3001D084E /* PizzaPaymentResponse.swift */ = {isa = PBXFileReference; lastKnownFileType = sourcecode.swift; path = PizzaPaymentResponse.swift; sourceTree = "<group>"; };
/* End PBXFileReference section */

/* Begin PBXFrameworksBuildPhase section */
		E6B2B84B2D48E2E8001D084E /* Frameworks */ = {
			isa = PBXFrameworksBuildPhase;
			buildActionMask = 2147483647;
			files = (
				E6B2B8B12D49701B001D084E /* Kingfisher in Frameworks */,
				E6B2B8A72D494E89001D084E /* SnapKit in Frameworks */,
				E6B2B8AC2D496FF1001D084E /* Alamofire in Frameworks */,
			);
			runOnlyForDeploymentPostprocessing = 0;
		};
/* End PBXFrameworksBuildPhase section */

/* Begin PBXGroup section */
		E6B2B8452D48E2E8001D084E = {
			isa = PBXGroup;
			children = (
				E6B2B8502D48E2E8001D084E /* Shift_Pizza */,
				E6B2B84F2D48E2E8001D084E /* Products */,
			);
			sourceTree = "<group>";
		};
		E6B2B84F2D48E2E8001D084E /* Products */ = {
			isa = PBXGroup;
			children = (
				E6B2B84E2D48E2E8001D084E /* Shift_Pizza.app */,
			);
			name = Products;
			sourceTree = "<group>";
		};
		E6B2B8502D48E2E8001D084E /* Shift_Pizza */ = {
			isa = PBXGroup;
			children = (
				E6B2B8662D48E376001D084E /* App */,
				E6B2B8702D4925B7001D084E /* Data */,
				E6B2B8712D4925C1001D084E /* Domain */,
				E6B2B8672D48E3DF001D084E /* Presentation */,
				E6B2B8652D48E36D001D084E /* Resources */,
			);
			path = Shift_Pizza;
			sourceTree = "<group>";
		};
		E6B2B8652D48E36D001D084E /* Resources */ = {
			isa = PBXGroup;
			children = (
				E6B2B85A2D48E2E9001D084E /* Assets.xcassets */,
				E6B2B85C2D48E2E9001D084E /* LaunchScreen.storyboard */,
				E6B2B85F2D48E2E9001D084E /* Info.plist */,
			);
			path = Resources;
			sourceTree = "<group>";
		};
		E6B2B8662D48E376001D084E /* App */ = {
			isa = PBXGroup;
			children = (
				E6B2B8512D48E2E8001D084E /* AppDelegate.swift */,
				E6B2B8532D48E2E8001D084E /* SceneDelegate.swift */,
			);
			path = App;
			sourceTree = "<group>";
		};
		E6B2B8672D48E3DF001D084E /* Presentation */ = {
			isa = PBXGroup;
			children = (
				E6B2B89D2D49441F001D084E /* Components */,
				E6B2B8982D494103001D084E /* Authorization */,
				E6B2B8692D48E3EA001D084E /* Routers */,
				E6B2B8682D48E3E6001D084E /* Main */,
			);
			path = Presentation;
			sourceTree = "<group>";
		};
		E6B2B8682D48E3E6001D084E /* Main */ = {
			isa = PBXGroup;
			children = (
				E6B2B8E52D4BE8A5001D084E /* PaymentCardScreen */,
				E6B2B8E02D4BD0A8001D084E /* PersonalDataScreen */,
				E6B2B8C92D4A25A5001D084E /* PizzaDetailsScreen */,
				E6B2B8882D492B7B001D084E /* MainTabBar */,
				E6B2B87B2D4929C5001D084E /* ShoppingCartScreen */,
				E6B2B87A2D4929BF001D084E /* UserScreen */,
				E6B2B8792D4929B6001D084E /* OrderScreen */,
				E6B2B8782D4929A8001D084E /* PizzaScreen */,
			);
			path = Main;
			sourceTree = "<group>";
		};
		E6B2B8692D48E3EA001D084E /* Routers */ = {
			isa = PBXGroup;
			children = (
				E6B2B86A2D48E3FF001D084E /* AppRouter.swift */,
			);
			path = Routers;
			sourceTree = "<group>";
		};
		E6B2B8702D4925B7001D084E /* Data */ = {
			isa = PBXGroup;
			children = (
				E6B2B8BC2D4976B7001D084E /* Endpoints */,
				E6B2B8772D4925FD001D084E /* Network */,
				E6B2B8762D4925F8001D084E /* Models */,
				E6B2B8752D4925ED001D084E /* Repositories */,
			);
			path = Data;
			sourceTree = "<group>";
		};
		E6B2B8712D4925C1001D084E /* Domain */ = {
			isa = PBXGroup;
			children = (
				E6B2B8742D4925E2001D084E /* Entities */,
				E6B2B8732D4925DC001D084E /* UseCases */,
				E6B2B8722D4925D6001D084E /* Repositories */,
			);
			path = Domain;
			sourceTree = "<group>";
		};
		E6B2B8722D4925D6001D084E /* Repositories */ = {
			isa = PBXGroup;
			children = (
				E6B2B8C12D497A2C001D084E /* GetPizzasCatalogRepository.swift */,
				E6B2B8F72D4D46C4001D084E /* OrderRepository.swift */,
			);
			path = Repositories;
			sourceTree = "<group>";
		};
		E6B2B8732D4925DC001D084E /* UseCases */ = {
			isa = PBXGroup;
			children = (
				E6B2B8C52D497D0C001D084E /* GetPizzasCatalogUseCase.swift */,
				E6B2B8F52D4D4550001D084E /* PayForOrderUseCase.swift */,
			);
			path = UseCases;
			sourceTree = "<group>";
		};
		E6B2B8742D4925E2001D084E /* Entities */ = {
			isa = PBXGroup;
			children = (
				E6B2B8C72D497EEE001D084E /* PizzasEntity.swift */,
				E6B2B8D82D4AB99D001D084E /* OrderedPizzaEntity.swift */,
				E6B2B8ED2D4CA705001D084E /* PersonEntity.swift */,
				E6B2B8F12D4D2061001D084E /* ReceiverAddressEntity.swift */,
			);
			path = Entities;
			sourceTree = "<group>";
		};
		E6B2B8752D4925ED001D084E /* Repositories */ = {
			isa = PBXGroup;
			children = (
				E6B2B8BF2D497965001D084E /* GetPizzasCatalogRepositoryImpl.swift */,
				E6B2B8FB2D4D49BD001D084E /* OrderRepositoryImpl.swift */,
			);
			path = Repositories;
			sourceTree = "<group>";
		};
		E6B2B8762D4925F8001D084E /* Models */ = {
			isa = PBXGroup;
			children = (
				E6B2B8FD2D4D4AC3001D084E /* PizzaPaymentResponse.swift */,
				E6B2B8B22D4971CB001D084E /* PizzasResponse.swift */,
				E6B2B8C32D497BF4001D084E /* EmptyRequestModel.swift */,
				E6B2B8F32D4D3AFC001D084E /* CreatePizzaPaymentDto.swift */,
			);
			path = Models;
			sourceTree = "<group>";
		};
		E6B2B8772D4925FD001D084E /* Network */ = {
			isa = PBXGroup;
			children = (
				E6B2B8B42D49739D001D084E /* HTTPClient.swift */,
				E6B2B8B62D4973C0001D084E /* APIEndpoint.swift */,
				E6B2B8B82D4973D2001D084E /* BaseURL.swift */,
				E6B2B8BA2D49747C001D084E /* AlamofireHTTPClient.swift */,
			);
			path = Network;
			sourceTree = "<group>";
		};
		E6B2B8782D4929A8001D084E /* PizzaScreen */ = {
			isa = PBXGroup;
			children = (
				E6B2B86E2D48E412001D084E /* MainViewModel.swift */,
				E6B2B86C2D48E409001D084E /* MainViewController.swift */,
			);
			path = PizzaScreen;
			sourceTree = "<group>";
		};
		E6B2B8792D4929B6001D084E /* OrderScreen */ = {
			isa = PBXGroup;
			children = (
				E6B2B87C2D4929F3001D084E /* OrderViewController.swift */,
				E6B2B87E2D4929FF001D084E /* OrderViewModel.swift */,
			);
			path = OrderScreen;
			sourceTree = "<group>";
		};
		E6B2B87A2D4929BF001D084E /* UserScreen */ = {
			isa = PBXGroup;
			children = (
				E6B2B8802D492A0D001D084E /* UserViewController.swift */,
				E6B2B8822D492A18001D084E /* UserViewModel.swift */,
			);
			path = UserScreen;
			sourceTree = "<group>";
		};
		E6B2B87B2D4929C5001D084E /* ShoppingCartScreen */ = {
			isa = PBXGroup;
			children = (
				E6B2B8842D492A2B001D084E /* ShoppingCartViewController.swift */,
				E6B2B8862D492A36001D084E /* ShoppingCartViewModel.swift */,
			);
			path = ShoppingCartScreen;
			sourceTree = "<group>";
		};
		E6B2B8882D492B7B001D084E /* MainTabBar */ = {
			isa = PBXGroup;
			children = (
				E6B2B8892D492B8B001D084E /* MainTabBarController.swift */,
			);
			path = MainTabBar;
			sourceTree = "<group>";
		};
		E6B2B8982D494103001D084E /* Authorization */ = {
			isa = PBXGroup;
			children = (
				E6B2B8992D494131001D084E /* SignInViewController.swift */,
				E6B2B89B2D49413A001D084E /* SignInViewModel.swift */,
			);
			path = Authorization;
			sourceTree = "<group>";
		};
		E6B2B89D2D49441F001D084E /* Components */ = {
			isa = PBXGroup;
			children = (
				E6B2B8CE2D4A5E0B001D084E /* SplitButton.swift */,
				E6B2B8D02D4A5E8F001D084E /* CustomButton.swift */,
				E6B2B8D22D4A6FFE001D084E /* SupplementCell.swift */,
				E6B2B8D42D4AB178001D084E /* LargeCustomButton.swift */,
				E6B2B8D62D4AB5E3001D084E /* SplitButtonDuo.swift */,
				E6B2B8EF2D4CD8FC001D084E /* FormTextField.swift */,
			);
			path = Components;
			sourceTree = "<group>";
		};
		E6B2B8BC2D4976B7001D084E /* Endpoints */ = {
			isa = PBXGroup;
			children = (
				E6B2B8BD2D4976F8001D084E /* GetPizzasCatalogEndpoint.swift */,
				E6B2B8F92D4D489E001D084E /* PayOrderEndPoint.swift */,
			);
			path = Endpoints;
			sourceTree = "<group>";
		};
		E6B2B8C92D4A25A5001D084E /* PizzaDetailsScreen */ = {
			isa = PBXGroup;
			children = (
				E6B2B8CA2D4A25BE001D084E /* PizzaDetailsViewController.swift */,
				E6B2B8CC2D4A25C5001D084E /* PizzaDetailsViewModel.swift */,
			);
			path = PizzaDetailsScreen;
			sourceTree = "<group>";
		};
		E6B2B8E02D4BD0A8001D084E /* PersonalDataScreen */ = {
			isa = PBXGroup;
			children = (
				E6B2B8E12D4BD0D3001D084E /* PersonalDataViewController.swift */,
				E6B2B8E32D4BD0DB001D084E /* PersonalDataViewModel.swift */,
			);
			path = PersonalDataScreen;
			sourceTree = "<group>";
		};
		E6B2B8E52D4BE8A5001D084E /* PaymentCardScreen */ = {
			isa = PBXGroup;
			children = (
				E6B2B8E62D4BE8B2001D084E /* PaymentCardViewController.swift */,
				E6B2B8E82D4BE8BC001D084E /* PaymentCardViewModel.swift */,
			);
			path = PaymentCardScreen;
			sourceTree = "<group>";
		};
/* End PBXGroup section */

/* Begin PBXNativeTarget section */
		E6B2B84D2D48E2E8001D084E /* Shift_Pizza */ = {
			isa = PBXNativeTarget;
			buildConfigurationList = E6B2B8622D48E2E9001D084E /* Build configuration list for PBXNativeTarget "Shift_Pizza" */;
			buildPhases = (
				E6B2B84A2D48E2E8001D084E /* Sources */,
				E6B2B84B2D48E2E8001D084E /* Frameworks */,
				E6B2B84C2D48E2E8001D084E /* Resources */,
			);
			buildRules = (
			);
			dependencies = (
			);
			name = Shift_Pizza;
			packageProductDependencies = (
				E6B2B8A62D494E89001D084E /* SnapKit */,
				E6B2B8AB2D496FF1001D084E /* Alamofire */,
				E6B2B8B02D49701B001D084E /* Kingfisher */,
			);
			productName = Shift_Pizza;
			productReference = E6B2B84E2D48E2E8001D084E /* Shift_Pizza.app */;
			productType = "com.apple.product-type.application";
		};
/* End PBXNativeTarget section */

/* Begin PBXProject section */
		E6B2B8462D48E2E8001D084E /* Project object */ = {
			isa = PBXProject;
			attributes = {
				BuildIndependentTargetsInParallel = 1;
				LastSwiftUpdateCheck = 1540;
				LastUpgradeCheck = 1540;
				TargetAttributes = {
					E6B2B84D2D48E2E8001D084E = {
						CreatedOnToolsVersion = 15.4;
					};
				};
			};
			buildConfigurationList = E6B2B8492D48E2E8001D084E /* Build configuration list for PBXProject "Shift_Pizza" */;
			compatibilityVersion = "Xcode 14.0";
			developmentRegion = en;
			hasScannedForEncodings = 0;
			knownRegions = (
				en,
				Base,
			);
			mainGroup = E6B2B8452D48E2E8001D084E;
			packageReferences = (
				E6B2B8A52D494E89001D084E /* XCRemoteSwiftPackageReference "SnapKit" */,
				E6B2B8AA2D496FF1001D084E /* XCRemoteSwiftPackageReference "Alamofire" */,
				E6B2B8AF2D49701B001D084E /* XCRemoteSwiftPackageReference "Kingfisher" */,
			);
			productRefGroup = E6B2B84F2D48E2E8001D084E /* Products */;
			projectDirPath = "";
			projectRoot = "";
			targets = (
				E6B2B84D2D48E2E8001D084E /* Shift_Pizza */,
			);
		};
/* End PBXProject section */

/* Begin PBXResourcesBuildPhase section */
		E6B2B84C2D48E2E8001D084E /* Resources */ = {
			isa = PBXResourcesBuildPhase;
			buildActionMask = 2147483647;
			files = (
				E6B2B85B2D48E2E9001D084E /* Assets.xcassets in Resources */,
				E6B2B85E2D48E2E9001D084E /* Base in Resources */,
			);
			runOnlyForDeploymentPostprocessing = 0;
		};
/* End PBXResourcesBuildPhase section */

/* Begin PBXSourcesBuildPhase section */
		E6B2B84A2D48E2E8001D084E /* Sources */ = {
			isa = PBXSourcesBuildPhase;
			buildActionMask = 2147483647;
			files = (
				E6B2B86F2D48E412001D084E /* MainViewModel.swift in Sources */,
				E6B2B8812D492A0D001D084E /* UserViewController.swift in Sources */,
				E6B2B8C22D497A2C001D084E /* GetPizzasCatalogRepository.swift in Sources */,
				E6B2B88A2D492B8B001D084E /* MainTabBarController.swift in Sources */,
				E6B2B8D92D4AB99D001D084E /* OrderedPizzaEntity.swift in Sources */,
				E6B2B8E72D4BE8B2001D084E /* PaymentCardViewController.swift in Sources */,
				E6B2B8E92D4BE8BC001D084E /* PaymentCardViewModel.swift in Sources */,
				E6B2B8D12D4A5E8F001D084E /* CustomButton.swift in Sources */,
				E6B2B8522D48E2E8001D084E /* AppDelegate.swift in Sources */,
				E6B2B8C62D497D0C001D084E /* GetPizzasCatalogUseCase.swift in Sources */,
				E6B2B8F02D4CD8FC001D084E /* FormTextField.swift in Sources */,
				E6B2B8542D48E2E8001D084E /* SceneDelegate.swift in Sources */,
				E6B2B8D52D4AB178001D084E /* LargeCustomButton.swift in Sources */,
				E6B2B89A2D494131001D084E /* SignInViewController.swift in Sources */,
				E6B2B8F22D4D2061001D084E /* ReceiverAddressEntity.swift in Sources */,
				E6B2B8F62D4D4550001D084E /* PayForOrderUseCase.swift in Sources */,
				E6B2B8FC2D4D49BD001D084E /* OrderRepositoryImpl.swift in Sources */,
				E6B2B8CF2D4A5E0B001D084E /* SplitButton.swift in Sources */,
				E6B2B8F82D4D46C4001D084E /* OrderRepository.swift in Sources */,
				E6B2B8852D492A2B001D084E /* ShoppingCartViewController.swift in Sources */,
				E6B2B8FE2D4D4AC3001D084E /* PizzaPaymentResponse.swift in Sources */,
				E6B2B86B2D48E3FF001D084E /* AppRouter.swift in Sources */,
				E6B2B8B92D4973D2001D084E /* BaseURL.swift in Sources */,
				E6B2B89C2D49413A001D084E /* SignInViewModel.swift in Sources */,
				E6B2B8C82D497EEE001D084E /* PizzasEntity.swift in Sources */,
				E6B2B8BE2D4976F8001D084E /* GetPizzasCatalogEndpoint.swift in Sources */,
				E6B2B8E22D4BD0D3001D084E /* PersonalDataViewController.swift in Sources */,
				E6B2B8D32D4A6FFE001D084E /* SupplementCell.swift in Sources */,
				E6B2B86D2D48E409001D084E /* MainViewController.swift in Sources */,
				E6B2B8B52D49739D001D084E /* HTTPClient.swift in Sources */,
				E6B2B87F2D4929FF001D084E /* OrderViewModel.swift in Sources */,
				E6B2B8BB2D49747C001D084E /* AlamofireHTTPClient.swift in Sources */,
				E6B2B8CB2D4A25BE001D084E /* PizzaDetailsViewController.swift in Sources */,
				E6B2B8872D492A36001D084E /* ShoppingCartViewModel.swift in Sources */,
				E6B2B8832D492A18001D084E /* UserViewModel.swift in Sources */,
				E6B2B8E42D4BD0DB001D084E /* PersonalDataViewModel.swift in Sources */,
				E6B2B8F42D4D3AFC001D084E /* CreatePizzaPaymentDto.swift in Sources */,
				E6B2B8B72D4973C0001D084E /* APIEndpoint.swift in Sources */,
				E6B2B8C02D497965001D084E /* GetPizzasCatalogRepositoryImpl.swift in Sources */,
				E6B2B8C42D497BF4001D084E /* EmptyRequestModel.swift in Sources */,
				E6B2B8B32D4971CB001D084E /* PizzasResponse.swift in Sources */,
				E6B2B87D2D4929F3001D084E /* OrderViewController.swift in Sources */,
				E6B2B8FA2D4D489E001D084E /* PayOrderEndPoint.swift in Sources */,
				E6B2B8CD2D4A25C5001D084E /* PizzaDetailsViewModel.swift in Sources */,
				E6B2B8D72D4AB5E3001D084E /* SplitButtonDuo.swift in Sources */,
				E6B2B8EE2D4CA705001D084E /* PersonEntity.swift in Sources */,
			);
			runOnlyForDeploymentPostprocessing = 0;
		};
/* End PBXSourcesBuildPhase section */

/* Begin PBXVariantGroup section */
		E6B2B85C2D48E2E9001D084E /* LaunchScreen.storyboard */ = {
			isa = PBXVariantGroup;
			children = (
				E6B2B85D2D48E2E9001D084E /* Base */,
			);
			name = LaunchScreen.storyboard;
			sourceTree = "<group>";
		};
/* End PBXVariantGroup section */

/* Begin XCBuildConfiguration section */
		E6B2B8602D48E2E9001D084E /* Debug */ = {
			isa = XCBuildConfiguration;
			buildSettings = {
				ALWAYS_SEARCH_USER_PATHS = NO;
				ASSETCATALOG_COMPILER_GENERATE_SWIFT_ASSET_SYMBOL_EXTENSIONS = YES;
				CLANG_ANALYZER_NONNULL = YES;
				CLANG_ANALYZER_NUMBER_OBJECT_CONVERSION = YES_AGGRESSIVE;
				CLANG_CXX_LANGUAGE_STANDARD = "gnu++20";
				CLANG_ENABLE_MODULES = YES;
				CLANG_ENABLE_OBJC_ARC = YES;
				CLANG_ENABLE_OBJC_WEAK = YES;
				CLANG_WARN_BLOCK_CAPTURE_AUTORELEASING = YES;
				CLANG_WARN_BOOL_CONVERSION = YES;
				CLANG_WARN_COMMA = YES;
				CLANG_WARN_CONSTANT_CONVERSION = YES;
				CLANG_WARN_DEPRECATED_OBJC_IMPLEMENTATIONS = YES;
				CLANG_WARN_DIRECT_OBJC_ISA_USAGE = YES_ERROR;
				CLANG_WARN_DOCUMENTATION_COMMENTS = YES;
				CLANG_WARN_EMPTY_BODY = YES;
				CLANG_WARN_ENUM_CONVERSION = YES;
				CLANG_WARN_INFINITE_RECURSION = YES;
				CLANG_WARN_INT_CONVERSION = YES;
				CLANG_WARN_NON_LITERAL_NULL_CONVERSION = YES;
				CLANG_WARN_OBJC_IMPLICIT_RETAIN_SELF = YES;
				CLANG_WARN_OBJC_LITERAL_CONVERSION = YES;
				CLANG_WARN_OBJC_ROOT_CLASS = YES_ERROR;
				CLANG_WARN_QUOTED_INCLUDE_IN_FRAMEWORK_HEADER = YES;
				CLANG_WARN_RANGE_LOOP_ANALYSIS = YES;
				CLANG_WARN_STRICT_PROTOTYPES = YES;
				CLANG_WARN_SUSPICIOUS_MOVE = YES;
				CLANG_WARN_UNGUARDED_AVAILABILITY = YES_AGGRESSIVE;
				CLANG_WARN_UNREACHABLE_CODE = YES;
				CLANG_WARN__DUPLICATE_METHOD_MATCH = YES;
				COPY_PHASE_STRIP = NO;
				DEBUG_INFORMATION_FORMAT = dwarf;
				ENABLE_STRICT_OBJC_MSGSEND = YES;
				ENABLE_TESTABILITY = YES;
				ENABLE_USER_SCRIPT_SANDBOXING = YES;
				GCC_C_LANGUAGE_STANDARD = gnu17;
				GCC_DYNAMIC_NO_PIC = NO;
				GCC_NO_COMMON_BLOCKS = YES;
				GCC_OPTIMIZATION_LEVEL = 0;
				GCC_PREPROCESSOR_DEFINITIONS = (
					"DEBUG=1",
					"$(inherited)",
				);
				GCC_WARN_64_TO_32_BIT_CONVERSION = YES;
				GCC_WARN_ABOUT_RETURN_TYPE = YES_ERROR;
				GCC_WARN_UNDECLARED_SELECTOR = YES;
				GCC_WARN_UNINITIALIZED_AUTOS = YES_AGGRESSIVE;
				GCC_WARN_UNUSED_FUNCTION = YES;
				GCC_WARN_UNUSED_VARIABLE = YES;
				IPHONEOS_DEPLOYMENT_TARGET = 17.5;
				LOCALIZATION_PREFERS_STRING_CATALOGS = YES;
				MTL_ENABLE_DEBUG_INFO = INCLUDE_SOURCE;
				MTL_FAST_MATH = YES;
				ONLY_ACTIVE_ARCH = YES;
				SDKROOT = iphoneos;
				SWIFT_ACTIVE_COMPILATION_CONDITIONS = "DEBUG $(inherited)";
				SWIFT_OPTIMIZATION_LEVEL = "-Onone";
			};
			name = Debug;
		};
		E6B2B8612D48E2E9001D084E /* Release */ = {
			isa = XCBuildConfiguration;
			buildSettings = {
				ALWAYS_SEARCH_USER_PATHS = NO;
				ASSETCATALOG_COMPILER_GENERATE_SWIFT_ASSET_SYMBOL_EXTENSIONS = YES;
				CLANG_ANALYZER_NONNULL = YES;
				CLANG_ANALYZER_NUMBER_OBJECT_CONVERSION = YES_AGGRESSIVE;
				CLANG_CXX_LANGUAGE_STANDARD = "gnu++20";
				CLANG_ENABLE_MODULES = YES;
				CLANG_ENABLE_OBJC_ARC = YES;
				CLANG_ENABLE_OBJC_WEAK = YES;
				CLANG_WARN_BLOCK_CAPTURE_AUTORELEASING = YES;
				CLANG_WARN_BOOL_CONVERSION = YES;
				CLANG_WARN_COMMA = YES;
				CLANG_WARN_CONSTANT_CONVERSION = YES;
				CLANG_WARN_DEPRECATED_OBJC_IMPLEMENTATIONS = YES;
				CLANG_WARN_DIRECT_OBJC_ISA_USAGE = YES_ERROR;
				CLANG_WARN_DOCUMENTATION_COMMENTS = YES;
				CLANG_WARN_EMPTY_BODY = YES;
				CLANG_WARN_ENUM_CONVERSION = YES;
				CLANG_WARN_INFINITE_RECURSION = YES;
				CLANG_WARN_INT_CONVERSION = YES;
				CLANG_WARN_NON_LITERAL_NULL_CONVERSION = YES;
				CLANG_WARN_OBJC_IMPLICIT_RETAIN_SELF = YES;
				CLANG_WARN_OBJC_LITERAL_CONVERSION = YES;
				CLANG_WARN_OBJC_ROOT_CLASS = YES_ERROR;
				CLANG_WARN_QUOTED_INCLUDE_IN_FRAMEWORK_HEADER = YES;
				CLANG_WARN_RANGE_LOOP_ANALYSIS = YES;
				CLANG_WARN_STRICT_PROTOTYPES = YES;
				CLANG_WARN_SUSPICIOUS_MOVE = YES;
				CLANG_WARN_UNGUARDED_AVAILABILITY = YES_AGGRESSIVE;
				CLANG_WARN_UNREACHABLE_CODE = YES;
				CLANG_WARN__DUPLICATE_METHOD_MATCH = YES;
				COPY_PHASE_STRIP = NO;
				DEBUG_INFORMATION_FORMAT = "dwarf-with-dsym";
				ENABLE_NS_ASSERTIONS = NO;
				ENABLE_STRICT_OBJC_MSGSEND = YES;
				ENABLE_USER_SCRIPT_SANDBOXING = YES;
				GCC_C_LANGUAGE_STANDARD = gnu17;
				GCC_NO_COMMON_BLOCKS = YES;
				GCC_WARN_64_TO_32_BIT_CONVERSION = YES;
				GCC_WARN_ABOUT_RETURN_TYPE = YES_ERROR;
				GCC_WARN_UNDECLARED_SELECTOR = YES;
				GCC_WARN_UNINITIALIZED_AUTOS = YES_AGGRESSIVE;
				GCC_WARN_UNUSED_FUNCTION = YES;
				GCC_WARN_UNUSED_VARIABLE = YES;
				IPHONEOS_DEPLOYMENT_TARGET = 17.5;
				LOCALIZATION_PREFERS_STRING_CATALOGS = YES;
				MTL_ENABLE_DEBUG_INFO = NO;
				MTL_FAST_MATH = YES;
				SDKROOT = iphoneos;
				SWIFT_COMPILATION_MODE = wholemodule;
				VALIDATE_PRODUCT = YES;
			};
			name = Release;
		};
		E6B2B8632D48E2E9001D084E /* Debug */ = {
			isa = XCBuildConfiguration;
			buildSettings = {
				ASSETCATALOG_COMPILER_APPICON_NAME = AppIcon;
				ASSETCATALOG_COMPILER_GLOBAL_ACCENT_COLOR_NAME = AccentColor;
				CODE_SIGN_STYLE = Automatic;
				CURRENT_PROJECT_VERSION = 1;
				DEVELOPMENT_TEAM = T77L9FD3JY;
				GENERATE_INFOPLIST_FILE = YES;
				INFOPLIST_FILE = Shift_Pizza/Resources/Info.plist;
				INFOPLIST_KEY_UIApplicationSupportsIndirectInputEvents = YES;
				INFOPLIST_KEY_UILaunchStoryboardName = LaunchScreen;
				INFOPLIST_KEY_UIStatusBarStyle = "";
				INFOPLIST_KEY_UISupportedInterfaceOrientations_iPad = "UIInterfaceOrientationPortrait UIInterfaceOrientationPortraitUpsideDown UIInterfaceOrientationLandscapeLeft UIInterfaceOrientationLandscapeRight";
				INFOPLIST_KEY_UISupportedInterfaceOrientations_iPhone = "UIInterfaceOrientationPortrait UIInterfaceOrientationLandscapeLeft UIInterfaceOrientationLandscapeRight";
				LD_RUNPATH_SEARCH_PATHS = (
					"$(inherited)",
					"@executable_path/Frameworks",
				);
				MARKETING_VERSION = 1.0;
				PRODUCT_BUNDLE_IDENTIFIER = "ru.icodelessons.Shift-Pizza";
				PRODUCT_NAME = "$(TARGET_NAME)";
				SWIFT_EMIT_LOC_STRINGS = YES;
				SWIFT_VERSION = 5.0;
				TARGETED_DEVICE_FAMILY = "1,2";
			};
			name = Debug;
		};
		E6B2B8642D48E2E9001D084E /* Release */ = {
			isa = XCBuildConfiguration;
			buildSettings = {
				ASSETCATALOG_COMPILER_APPICON_NAME = AppIcon;
				ASSETCATALOG_COMPILER_GLOBAL_ACCENT_COLOR_NAME = AccentColor;
				CODE_SIGN_STYLE = Automatic;
				CURRENT_PROJECT_VERSION = 1;
				DEVELOPMENT_TEAM = T77L9FD3JY;
				GENERATE_INFOPLIST_FILE = YES;
				INFOPLIST_FILE = Shift_Pizza/Resources/Info.plist;
				INFOPLIST_KEY_UIApplicationSupportsIndirectInputEvents = YES;
				INFOPLIST_KEY_UILaunchStoryboardName = LaunchScreen;
				INFOPLIST_KEY_UIStatusBarStyle = "";
				INFOPLIST_KEY_UISupportedInterfaceOrientations_iPad = "UIInterfaceOrientationPortrait UIInterfaceOrientationPortraitUpsideDown UIInterfaceOrientationLandscapeLeft UIInterfaceOrientationLandscapeRight";
				INFOPLIST_KEY_UISupportedInterfaceOrientations_iPhone = "UIInterfaceOrientationPortrait UIInterfaceOrientationLandscapeLeft UIInterfaceOrientationLandscapeRight";
				LD_RUNPATH_SEARCH_PATHS = (
					"$(inherited)",
					"@executable_path/Frameworks",
				);
				MARKETING_VERSION = 1.0;
				PRODUCT_BUNDLE_IDENTIFIER = "ru.icodelessons.Shift-Pizza";
				PRODUCT_NAME = "$(TARGET_NAME)";
				SWIFT_EMIT_LOC_STRINGS = YES;
				SWIFT_VERSION = 5.0;
				TARGETED_DEVICE_FAMILY = "1,2";
			};
			name = Release;
		};
/* End XCBuildConfiguration section */

/* Begin XCConfigurationList section */
		E6B2B8492D48E2E8001D084E /* Build configuration list for PBXProject "Shift_Pizza" */ = {
			isa = XCConfigurationList;
			buildConfigurations = (
				E6B2B8602D48E2E9001D084E /* Debug */,
				E6B2B8612D48E2E9001D084E /* Release */,
			);
			defaultConfigurationIsVisible = 0;
			defaultConfigurationName = Release;
		};
		E6B2B8622D48E2E9001D084E /* Build configuration list for PBXNativeTarget "Shift_Pizza" */ = {
			isa = XCConfigurationList;
			buildConfigurations = (
				E6B2B8632D48E2E9001D084E /* Debug */,
				E6B2B8642D48E2E9001D084E /* Release */,
			);
			defaultConfigurationIsVisible = 0;
			defaultConfigurationName = Release;
		};
/* End XCConfigurationList section */

/* Begin XCRemoteSwiftPackageReference section */
		E6B2B8A52D494E89001D084E /* XCRemoteSwiftPackageReference "SnapKit" */ = {
			isa = XCRemoteSwiftPackageReference;
			repositoryURL = "https://github.com/SnapKit/SnapKit.git";
			requirement = {
				kind = upToNextMajorVersion;
				minimumVersion = 5.7.1;
			};
		};
		E6B2B8AA2D496FF1001D084E /* XCRemoteSwiftPackageReference "Alamofire" */ = {
			isa = XCRemoteSwiftPackageReference;
			repositoryURL = "https://github.com/Alamofire/Alamofire.git";
			requirement = {
				kind = upToNextMajorVersion;
				minimumVersion = 5.10.0;
			};
		};
		E6B2B8AF2D49701B001D084E /* XCRemoteSwiftPackageReference "Kingfisher" */ = {
			isa = XCRemoteSwiftPackageReference;
			repositoryURL = "https://github.com/onevcat/Kingfisher.git";
			requirement = {
				kind = upToNextMajorVersion;
				minimumVersion = 8.1.0;
			};
		};
/* End XCRemoteSwiftPackageReference section */

/* Begin XCSwiftPackageProductDependency section */
		E6B2B8A62D494E89001D084E /* SnapKit */ = {
			isa = XCSwiftPackageProductDependency;
			package = E6B2B8A52D494E89001D084E /* XCRemoteSwiftPackageReference "SnapKit" */;
			productName = SnapKit;
		};
		E6B2B8AB2D496FF1001D084E /* Alamofire */ = {
			isa = XCSwiftPackageProductDependency;
			package = E6B2B8AA2D496FF1001D084E /* XCRemoteSwiftPackageReference "Alamofire" */;
			productName = Alamofire;
		};
		E6B2B8B02D49701B001D084E /* Kingfisher */ = {
			isa = XCSwiftPackageProductDependency;
			package = E6B2B8AF2D49701B001D084E /* XCRemoteSwiftPackageReference "Kingfisher" */;
			productName = Kingfisher;
		};
/* End XCSwiftPackageProductDependency section */
	};
	rootObject = E6B2B8462D48E2E8001D084E /* Project object */;
}
